
Microsoft Visual Studio Solution File, Format Version 12.00
# Visual Studio 15
Project("{FAE04EC0-301F-11D3-BF4B-00C04F79EFBC}") = "Assembly-CSharp", "Assembly-CSharp.csproj", "{77EE23E2-38D6-50E6-E3F8-7FEF24000A96}"
EndProject
Project("{FAE04EC0-301F-11D3-BF4B-00C04F79EFBC}") = "Assembly-CSharp-Editor", "Assembly-CSharp-Editor.csproj", "{1804BC7D-97E5-09E7-0120-7E7FA3E6B788}"
EndProject
Global
	GlobalSection(SolutionConfigurationPlatforms) = preSolution
		Debug|Any CPU = Debug|Any CPU
		Release|Any CPU = Release|Any CPU
	EndGlobalSection
	GlobalSection(ProjectConfigurationPlatforms) = postSolution
		{77EE23E2-38D6-50E6-E3F8-7FEF24000A96}.Debug|Any CPU.ActiveCfg = Debug|Any CPU
		{77EE23E2-38D6-50E6-E3F8-7FEF24000A96}.Debug|Any CPU.Build.0 = Debug|Any CPU
		{77EE23E2-38D6-50E6-E3F8-7FEF24000A96}.Release|Any CPU.ActiveCfg = Release|Any CPU
		{77EE23E2-38D6-50E6-E3F8-7FEF24000A96}.Release|Any CPU.Build.0 = Release|Any CPU
		{1804BC7D-97E5-09E7-0120-7E7FA3E6B788}.Debug|Any CPU.ActiveCfg = Debug|Any CPU
		{1804BC7D-97E5-09E7-0120-7E7FA3E6B788}.Debug|Any CPU.Build.0 = Debug|Any CPU
		{1804BC7D-97E5-09E7-0120-7E7FA3E6B788}.Release|Any CPU.ActiveCfg = Release|Any CPU
		{1804BC7D-97E5-09E7-0120-7E7FA3E6B788}.Release|Any CPU.Build.0 = Release|Any CPU
	EndGlobalSection
	GlobalSection(SolutionProperties) = preSolution
		HideSolutionNode = FALSE
	EndGlobalSection
EndGlobal
